
Microsoft Visual Studio Solution File, Format Version 12.00
# Visual Studio Version 17
VisualStudioVersion = 17.12.35521.163 d17.12
MinimumVisualStudioVersion = 10.0.40219.1
Project("{FAE04EC0-301F-11D3-BF4B-00C04F79EFBC}") = "SeyirDefteri.Core", "SeyirDefteri.Core\SeyirDefteri.Core.csproj", "{A0FE0F29-F1BB-4364-A31D-B03DFCCB52D9}"
EndProject
Project("{FAE04EC0-301F-11D3-BF4B-00C04F79EFBC}") = "SeyirDefteri.UI", "SeyirDefteri.UI\SeyirDefteri.UI.csproj", "{96868394-F015-48AB-840D-E73C5A436CF1}"
EndProject
Global
	GlobalSection(SolutionConfigurationPlatforms) = preSolution
		Debug|Any CPU = Debug|Any CPU
		Release|Any CPU = Release|Any CPU
	EndGlobalSection
	GlobalSection(ProjectConfigurationPlatforms) = postSolution
		{A0FE0F29-F1BB-4364-A31D-B03DFCCB52D9}.Debug|Any CPU.ActiveCfg = Debug|Any CPU
		{A0FE0F29-F1BB-4364-A31D-B03DFCCB52D9}.Debug|Any CPU.Build.0 = Debug|Any CPU
		{A0FE0F29-F1BB-4364-A31D-B03DFCCB52D9}.Release|Any CPU.ActiveCfg = Release|Any CPU
		{A0FE0F29-F1BB-4364-A31D-B03DFCCB52D9}.Release|Any CPU.Build.0 = Release|Any CPU
		{96868394-F015-48AB-840D-E73C5A436CF1}.Debug|Any CPU.ActiveCfg = Debug|Any CPU
		{96868394-F015-48AB-840D-E73C5A436CF1}.Debug|Any CPU.Build.0 = Debug|Any CPU
		{96868394-F015-48AB-840D-E73C5A436CF1}.Release|Any CPU.ActiveCfg = Release|Any CPU
		{96868394-F015-48AB-840D-E73C5A436CF1}.Release|Any CPU.Build.0 = Release|Any CPU
	EndGlobalSection
	GlobalSection(SolutionProperties) = preSolution
		HideSolutionNode = FALSE
	EndGlobalSection
EndGlobal
